
Microsoft Visual Studio Solution File, Format Version 12.00
# Visual Studio Version 17
VisualStudioVersion = 17.9.34728.123
MinimumVisualStudioVersion = 10.0.40219.1
Project("{FAE04EC0-301F-11D3-BF4B-00C04F79EFBC}") = "RepositoryDemo", "RepositoryDemo\RepositoryDemo\RepositoryDemo.csproj", "{258B1F79-F9DB-49AC-98B9-BEBC6201BBE3}"
EndProject
Project("{FAE04EC0-301F-11D3-BF4B-00C04F79EFBC}") = "RepositoryDemo.Client", "RepositoryDemo\RepositoryDemo.Client\RepositoryDemo.Client.csproj", "{027BA073-1E9F-4F1E-9CE6-2A4169F36966}"
EndProject
Global
	GlobalSection(SolutionConfigurationPlatforms) = preSolution
		Debug|Any CPU = Debug|Any CPU
		Release|Any CPU = Release|Any CPU
	EndGlobalSection
	GlobalSection(ProjectConfigurationPlatforms) = postSolution
		{258B1F79-F9DB-49AC-98B9-BEBC6201BBE3}.Debug|Any CPU.ActiveCfg = Debug|Any CPU
		{258B1F79-F9DB-49AC-98B9-BEBC6201BBE3}.Debug|Any CPU.Build.0 = Debug|Any CPU
		{258B1F79-F9DB-49AC-98B9-BEBC6201BBE3}.Release|Any CPU.ActiveCfg = Release|Any CPU
		{258B1F79-F9DB-49AC-98B9-BEBC6201BBE3}.Release|Any CPU.Build.0 = Release|Any CPU
		{027BA073-1E9F-4F1E-9CE6-2A4169F36966}.Debug|Any CPU.ActiveCfg = Debug|Any CPU
		{027BA073-1E9F-4F1E-9CE6-2A4169F36966}.Debug|Any CPU.Build.0 = Debug|Any CPU
		{027BA073-1E9F-4F1E-9CE6-2A4169F36966}.Release|Any CPU.ActiveCfg = Release|Any CPU
		{027BA073-1E9F-4F1E-9CE6-2A4169F36966}.Release|Any CPU.Build.0 = Release|Any CPU
	EndGlobalSection
	GlobalSection(SolutionProperties) = preSolution
		HideSolutionNode = FALSE
	EndGlobalSection
	GlobalSection(ExtensibilityGlobals) = postSolution
		SolutionGuid = {A947BF9F-79B0-4BF7-84AF-C69C43A92EE4}
	EndGlobalSection
EndGlobal
